
Microsoft Visual Studio Solution File, Format Version 12.00
# Visual Studio Version 17
VisualStudioVersion = 17.0.31611.283
MinimumVisualStudioVersion = 10.0.40219.1
Project("{9A19103F-16F7-4668-BE54-9A1E7A4F7556}") = "App", "CompOff-App\App.csproj", "{9D165493-4189-44CB-9707-EF20DCA9F4A1}"
EndProject
Project("{9A19103F-16F7-4668-BE54-9A1E7A4F7556}") = "Viewmodels", "Viewmodels\Viewmodels.csproj", "{452C9DD4-95C5-431B-A2F9-8B3521D6F0AA}"
EndProject
Project("{9A19103F-16F7-4668-BE54-9A1E7A4F7556}") = "Shared", "Shared\Shared.csproj", "{529CAF48-6722-4DD2-9A20-01D3697692BF}"
EndProject
Project("{9A19103F-16F7-4668-BE54-9A1E7A4F7556}") = "DataTransferObjects", "DataTransferObjects\DataTransferObjects.csproj", "{82154A05-D378-46DF-99C7-9584F0CA5E21}"
EndProject
Project("{9A19103F-16F7-4668-BE54-9A1E7A4F7556}") = "Models", "Models\Models.csproj", "{746B17D7-A870-4A14-AD10-04B5CF1B57A7}"
EndProject
Project("{9A19103F-16F7-4668-BE54-9A1E7A4F7556}") = "Services", "Services\Services.csproj", "{BF7471AA-99B3-43A6-90BF-00AAEDE40F13}"
EndProject
Project("{9A19103F-16F7-4668-BE54-9A1E7A4F7556}") = "Services.Impl", "Services.Impl\Services.Impl.csproj", "{380E527E-B015-4CDD-9056-C58A2D080F90}"
EndProject
Project("{9A19103F-16F7-4668-BE54-9A1E7A4F7556}") = "Wrappers", "Wrappers\Wrappers.csproj", "{8EC3DDDB-6C37-457B-BF38-61A3DEA6D876}"
EndProject
Project("{9A19103F-16F7-4668-BE54-9A1E7A4F7556}") = "Wrappers.Impl", "Wrappers.Impl\Wrappers.Impl.csproj", "{221F64B9-7472-49C3-88CC-15C97BE9ECAD}"
EndProject
Project("{FAE04EC0-301F-11D3-BF4B-00C04F79EFBC}") = "Tests", "Test\Tests.csproj", "{B0689557-B7B4-4260-A4A7-3D57FAA45959}"
EndProject
Global
	GlobalSection(SolutionConfigurationPlatforms) = preSolution
		Debug|Any CPU = Debug|Any CPU
		Release|Any CPU = Release|Any CPU
	EndGlobalSection
	GlobalSection(ProjectConfigurationPlatforms) = postSolution
		{9D165493-4189-44CB-9707-EF20DCA9F4A1}.Debug|Any CPU.ActiveCfg = Debug|Any CPU
		{9D165493-4189-44CB-9707-EF20DCA9F4A1}.Debug|Any CPU.Build.0 = Debug|Any CPU
		{9D165493-4189-44CB-9707-EF20DCA9F4A1}.Debug|Any CPU.Deploy.0 = Debug|Any CPU
		{9D165493-4189-44CB-9707-EF20DCA9F4A1}.Release|Any CPU.ActiveCfg = Release|Any CPU
		{9D165493-4189-44CB-9707-EF20DCA9F4A1}.Release|Any CPU.Build.0 = Release|Any CPU
		{9D165493-4189-44CB-9707-EF20DCA9F4A1}.Release|Any CPU.Deploy.0 = Release|Any CPU
		{452C9DD4-95C5-431B-A2F9-8B3521D6F0AA}.Debug|Any CPU.ActiveCfg = Debug|Any CPU
		{452C9DD4-95C5-431B-A2F9-8B3521D6F0AA}.Debug|Any CPU.Build.0 = Debug|Any CPU
		{452C9DD4-95C5-431B-A2F9-8B3521D6F0AA}.Release|Any CPU.ActiveCfg = Release|Any CPU
		{452C9DD4-95C5-431B-A2F9-8B3521D6F0AA}.Release|Any CPU.Build.0 = Release|Any CPU
		{529CAF48-6722-4DD2-9A20-01D3697692BF}.Debug|Any CPU.ActiveCfg = Debug|Any CPU
		{529CAF48-6722-4DD2-9A20-01D3697692BF}.Debug|Any CPU.Build.0 = Debug|Any CPU
		{529CAF48-6722-4DD2-9A20-01D3697692BF}.Release|Any CPU.ActiveCfg = Release|Any CPU
		{529CAF48-6722-4DD2-9A20-01D3697692BF}.Release|Any CPU.Build.0 = Release|Any CPU
		{82154A05-D378-46DF-99C7-9584F0CA5E21}.Debug|Any CPU.ActiveCfg = Debug|Any CPU
		{82154A05-D378-46DF-99C7-9584F0CA5E21}.Debug|Any CPU.Build.0 = Debug|Any CPU
		{82154A05-D378-46DF-99C7-9584F0CA5E21}.Release|Any CPU.ActiveCfg = Release|Any CPU
		{82154A05-D378-46DF-99C7-9584F0CA5E21}.Release|Any CPU.Build.0 = Release|Any CPU
		{746B17D7-A870-4A14-AD10-04B5CF1B57A7}.Debug|Any CPU.ActiveCfg = Debug|Any CPU
		{746B17D7-A870-4A14-AD10-04B5CF1B57A7}.Debug|Any CPU.Build.0 = Debug|Any CPU
		{746B17D7-A870-4A14-AD10-04B5CF1B57A7}.Release|Any CPU.ActiveCfg = Release|Any CPU
		{746B17D7-A870-4A14-AD10-04B5CF1B57A7}.Release|Any CPU.Build.0 = Release|Any CPU
		{BF7471AA-99B3-43A6-90BF-00AAEDE40F13}.Debug|Any CPU.ActiveCfg = Debug|Any CPU
		{BF7471AA-99B3-43A6-90BF-00AAEDE40F13}.Debug|Any CPU.Build.0 = Debug|Any CPU
		{BF7471AA-99B3-43A6-90BF-00AAEDE40F13}.Release|Any CPU.ActiveCfg = Release|Any CPU
		{BF7471AA-99B3-43A6-90BF-00AAEDE40F13}.Release|Any CPU.Build.0 = Release|Any CPU
		{380E527E-B015-4CDD-9056-C58A2D080F90}.Debug|Any CPU.ActiveCfg = Debug|Any CPU
		{380E527E-B015-4CDD-9056-C58A2D080F90}.Debug|Any CPU.Build.0 = Debug|Any CPU
		{380E527E-B015-4CDD-9056-C58A2D080F90}.Release|Any CPU.ActiveCfg = Release|Any CPU
		{380E527E-B015-4CDD-9056-C58A2D080F90}.Release|Any CPU.Build.0 = Release|Any CPU
		{8EC3DDDB-6C37-457B-BF38-61A3DEA6D876}.Debug|Any CPU.ActiveCfg = Debug|Any CPU
		{8EC3DDDB-6C37-457B-BF38-61A3DEA6D876}.Debug|Any CPU.Build.0 = Debug|Any CPU
		{8EC3DDDB-6C37-457B-BF38-61A3DEA6D876}.Release|Any CPU.ActiveCfg = Release|Any CPU
		{8EC3DDDB-6C37-457B-BF38-61A3DEA6D876}.Release|Any CPU.Build.0 = Release|Any CPU
		{221F64B9-7472-49C3-88CC-15C97BE9ECAD}.Debug|Any CPU.ActiveCfg = Debug|Any CPU
		{221F64B9-7472-49C3-88CC-15C97BE9ECAD}.Debug|Any CPU.Build.0 = Debug|Any CPU
		{221F64B9-7472-49C3-88CC-15C97BE9ECAD}.Release|Any CPU.ActiveCfg = Release|Any CPU
		{221F64B9-7472-49C3-88CC-15C97BE9ECAD}.Release|Any CPU.Build.0 = Release|Any CPU
		{B0689557-B7B4-4260-A4A7-3D57FAA45959}.Debug|Any CPU.ActiveCfg = Debug|Any CPU
		{B0689557-B7B4-4260-A4A7-3D57FAA45959}.Debug|Any CPU.Build.0 = Debug|Any CPU
		{B0689557-B7B4-4260-A4A7-3D57FAA45959}.Release|Any CPU.ActiveCfg = Release|Any CPU
		{B0689557-B7B4-4260-A4A7-3D57FAA45959}.Release|Any CPU.Build.0 = Release|Any CPU
	EndGlobalSection
	GlobalSection(SolutionProperties) = preSolution
		HideSolutionNode = FALSE
	EndGlobalSection
	GlobalSection(ExtensibilityGlobals) = postSolution
		SolutionGuid = {61F7FB11-1E47-470C-91E2-47F8143E1572}
	EndGlobalSection
EndGlobal
